# THIS IS AN AUTOGENERATED FILE. DO NOT EDIT THIS FILE DIRECTLY.
# yarn lockfile v1


vue-accessible-color-picker@^5.0.1:
  version "5.0.1"
  resolved "https://registry.yarnpkg.com/vue-accessible-color-picker/-/vue-accessible-color-picker-5.0.1.tgz#8dd36ee0c45ae28f0a4ae6abd934690ae2eb1811"
  integrity sha512-IaxDTzW652blWmaNNbqQZzORQAbP19sdO7oJ5fvJIfVizWr2fVV+3z39ORI210Ee7l8YiD5FhpOY/XrToQCBwg==
